{
  "name": "testrunner-packages",
  "lockfileVersion": 2,
  "requires": true,
  "packages": {
    "": {
      "name": "testrunner-packages",
      "workspaces": [
        "packages/testrunner",
        "packages/examples"
      ]
    },
    "node_modules/@larsthorup/testrunner": {
      "resolved": "packages/testrunner",
      "link": true
    },
    "node_modules/@larsthorup/testrunner-examples": {
      "resolved": "packages/examples",
      "link": true
    },
    "packages/examples": {
      "name": "@larsthorup/testrunner-examples",
      "version": "1.0.0",
      "license": "MIT",
      "devDependencies": {}
    },
    "packages/testrunner": {
      "name": "@larsthorup/testrunner",
      "version": "1.0.0",
      "license": "MIT",
      "bin": {
        "testrunner": "cli.js"
      },
      "devDependencies": {}
    }
  },
  "dependencies": {
    "@larsthorup/testrunner": {
      "version": "file:packages/testrunner"
    },
    "@larsthorup/testrunner-examples": {
      "version": "file:packages/examples"
    }
  }
}
